
Microsoft Visual Studio Solution File, Format Version 12.00
# Visual Studio Version 16
VisualStudioVersion = 16.0.33423.256
MinimumVisualStudioVersion = 10.0.40219.1
Project("{8BC9CEB8-8B4A-11D0-8D11-00A0C91BC942}") = "Project_Tutore", "Project_Tutore.vcxproj", "{82666D7C-FB3E-4E7E-9DCD-EB53282C6835}"
EndProject
Global
	GlobalSection(SolutionConfigurationPlatforms) = preSolution
		Debug|x64 = Debug|x64
		Debug|x86 = Debug|x86
		Release|x64 = Release|x64
		Release|x86 = Release|x86
	EndGlobalSection
	GlobalSection(ProjectConfigurationPlatforms) = postSolution
		{82666D7C-FB3E-4E7E-9DCD-EB53282C6835}.Debug|x64.ActiveCfg = Debug|x64
		{82666D7C-FB3E-4E7E-9DCD-EB53282C6835}.Debug|x64.Build.0 = Debug|x64
		{82666D7C-FB3E-4E7E-9DCD-EB53282C6835}.Debug|x86.ActiveCfg = Debug|Win32
		{82666D7C-FB3E-4E7E-9DCD-EB53282C6835}.Debug|x86.Build.0 = Debug|Win32
		{82666D7C-FB3E-4E7E-9DCD-EB53282C6835}.Release|x64.ActiveCfg = Release|x64
		{82666D7C-FB3E-4E7E-9DCD-EB53282C6835}.Release|x64.Build.0 = Release|x64
		{82666D7C-FB3E-4E7E-9DCD-EB53282C6835}.Release|x86.ActiveCfg = Release|Win32
		{82666D7C-FB3E-4E7E-9DCD-EB53282C6835}.Release|x86.Build.0 = Release|Win32
	EndGlobalSection
	GlobalSection(SolutionProperties) = preSolution
		HideSolutionNode = FALSE
	EndGlobalSection
	GlobalSection(ExtensibilityGlobals) = postSolution
		SolutionGuid = {A6CF4A68-2CD0-4B5D-9C6B-69C63DAA6B3F}
	EndGlobalSection
EndGlobal
